<?xml version="1.0" encoding="utf-8"?>
<Project ToolsVersion="4.0" xmlns="http://schemas.microsoft.com/developer/msbuild/2003">
  <ItemGroup>
    <Filter Include="Source Files">
      <UniqueIdentifier>{4FC737F1-C7A5-4376-A066-2A32D752A2FF}</UniqueIdentifier>
      <Extensions>cpp;c;cc;cxx;def;odl;idl;hpj;bat;asm;asmx</Extensions>
    </Filter>
    <Filter Include="Header Files">
      <UniqueIdentifier>{93995380-89BD-4b04-88EB-625FBE52EBFB}</UniqueIdentifier>
      <Extensions>h;hh;hpp;hxx;hm;inl;inc;xsd</Extensions>
    </Filter>
    <Filter Include="Header Files\Singleton">
      <UniqueIdentifier>{700045f6-1520-4b28-b1d2-c0a47d806189}</UniqueIdentifier>
    </Filter>
    <Filter Include="Source Files\Singleton">
      <UniqueIdentifier>{7e7456dc-79d9-452d-a2ae-0b996067d844}</UniqueIdentifier>
    </Filter>
    <Filter Include="Header Files\FactoryMethod">
      <UniqueIdentifier>{b9a55771-3592-48bf-a983-5234e293a1b8}</UniqueIdentifier>
    </Filter>
    <Filter Include="Source Files\FactoryMethod">
      <UniqueIdentifier>{49dd2829-98c8-44e7-95b1-ffb513eaee42}</UniqueIdentifier>
    </Filter>
    <Filter Include="Header Files\Prototype">
      <UniqueIdentifier>{b878b5c0-dce8-4ec3-a76a-e5f106f0d7c7}</UniqueIdentifier>
    </Filter>
    <Filter Include="Source Files\Prototype">
      <UniqueIdentifier>{848665a1-2a98-4312-bc35-e45772e2c881}</UniqueIdentifier>
    </Filter>
    <Filter Include="Header Files\AbstractFactory">
      <UniqueIdentifier>{a20f640d-8a66-4406-a272-cdd09d4d3552}</UniqueIdentifier>
    </Filter>
    <Filter Include="Source Files\AbstractFactory">
      <UniqueIdentifier>{bd11ba44-8f65-4ac0-8f2c-075aba47ce6d}</UniqueIdentifier>
    </Filter>
    <Filter Include="Header Files\Builder">
      <UniqueIdentifier>{6d60fab1-e3ad-465f-9b0b-042aea094b81}</UniqueIdentifier>
    </Filter>
    <Filter Include="Source Files\Builder">
      <UniqueIdentifier>{d86522a4-51ca-4b12-bc11-a4ec265e65e8}</UniqueIdentifier>
    </Filter>
  </ItemGroup>
  <ItemGroup>
    <ClCompile Include="main.cpp">
      <Filter>Source Files</Filter>
    </ClCompile>
    <ClCompile Include="Singleton\Logger.cpp">
      <Filter>Source Files\Singleton</Filter>
    </ClCompile>
    <ClCompile Include="FactoryMethod\PostgreSQLDatabaseEngine.cpp">
      <Filter>Source Files\FactoryMethod</Filter>
    </ClCompile>
    <ClCompile Include="FactoryMethod\ApplicationsRepository.cpp">
      <Filter>Source Files\FactoryMethod</Filter>
    </ClCompile>
    <ClCompile Include="FactoryMethod\PostgreSQLApplicationsRepository.cpp">
      <Filter>Source Files\FactoryMethod</Filter>
    </ClCompile>
    <ClCompile Include="Prototype\Archer.cpp">
      <Filter>Source Files\Prototype</Filter>
    </ClCompile>
    <ClCompile Include="Prototype\Swordsman.cpp">
      <Filter>Source Files\Prototype</Filter>
    </ClCompile>
    <ClCompile Include="Prototype\WarriorsPrototypeRegistry.cpp">
      <Filter>Source Files\Prototype</Filter>
    </ClCompile>
    <ClCompile Include="AbstractFactory\LightlyArmedArcher.cpp">
      <Filter>Source Files\AbstractFactory</Filter>
    </ClCompile>
    <ClCompile Include="AbstractFactory\LightlyArmedSwordsman.cpp">
      <Filter>Source Files\AbstractFactory</Filter>
    </ClCompile>
    <ClCompile Include="AbstractFactory\HeavilyArmedArcher.cpp">
      <Filter>Source Files\AbstractFactory</Filter>
    </ClCompile>
    <ClCompile Include="AbstractFactory\HeavilyArmedSwordsman.cpp">
      <Filter>Source Files\AbstractFactory</Filter>
    </ClCompile>
    <ClCompile Include="AbstractFactory\LightlyArmedWarriorFactory.cpp">
      <Filter>Source Files\AbstractFactory</Filter>
    </ClCompile>
    <ClCompile Include="AbstractFactory\HeavilyArmedWarriorFactory.cpp">
      <Filter>Source Files\AbstractFactory</Filter>
    </ClCompile>
    <ClCompile Include="Builder\HttpResponsePackageBuilder.cpp">
      <Filter>Source Files\Builder</Filter>
    </ClCompile>
    <ClCompile Include="Builder\HttpRequestPackageBuilder.cpp">
      <Filter>Source Files\Builder</Filter>
    </ClCompile>
  </ItemGroup>
  <ItemGroup>
    <ClInclude Include="Singleton\Logger.h">
      <Filter>Header Files\Singleton</Filter>
    </ClInclude>
    <ClInclude Include="FactoryMethod\IDatabaseEngine.h">
      <Filter>Header Files\FactoryMethod</Filter>
    </ClInclude>
    <ClInclude Include="FactoryMethod\PostgreSQLDatabaseEngine.h">
      <Filter>Header Files\FactoryMethod</Filter>
    </ClInclude>
    <ClInclude Include="FactoryMethod\ApplicationsRepository.h">
      <Filter>Header Files\FactoryMethod</Filter>
    </ClInclude>
    <ClInclude Include="FactoryMethod\PostgreSQLApplicationsRepository.h">
      <Filter>Header Files\FactoryMethod</Filter>
    </ClInclude>
    <ClInclude Include="Prototype\IWarrior.h">
      <Filter>Header Files\Prototype</Filter>
    </ClInclude>
    <ClInclude Include="Prototype\Archer.h">
      <Filter>Header Files\Prototype</Filter>
    </ClInclude>
    <ClInclude Include="Prototype\Swordsman.h">
      <Filter>Header Files\Prototype</Filter>
    </ClInclude>
    <ClInclude Include="Prototype\WarriorsPrototypeRegistry.h">
      <Filter>Header Files\Prototype</Filter>
    </ClInclude>
    <ClInclude Include="Prototype\IWarriorPrototype.h">
      <Filter>Header Files\Prototype</Filter>
    </ClInclude>
    <ClInclude Include="AbstractFactory\LightlyArmedArcher.h">
      <Filter>Header Files\AbstractFactory</Filter>
    </ClInclude>
    <ClInclude Include="AbstractFactory\LightlyArmedSwordsman.h">
      <Filter>Header Files\AbstractFactory</Filter>
    </ClInclude>
    <ClInclude Include="AbstractFactory\HeavilyArmedArcher.h">
      <Filter>Header Files\AbstractFactory</Filter>
    </ClInclude>
    <ClInclude Include="AbstractFactory\HeavilyArmedSwordsman.h">
      <Filter>Header Files\AbstractFactory</Filter>
    </ClInclude>
    <ClInclude Include="AbstractFactory\IWarriorFactory.h">
      <Filter>Header Files\AbstractFactory</Filter>
    </ClInclude>
    <ClInclude Include="AbstractFactory\LightlyArmedWarriorFactory.h">
      <Filter>Header Files\AbstractFactory</Filter>
    </ClInclude>
    <ClInclude Include="AbstractFactory\HeavilyArmedWarriorFactory.h">
      <Filter>Header Files\AbstractFactory</Filter>
    </ClInclude>
    <ClInclude Include="Builder\HttpStructures.h">
      <Filter>Header Files\Builder</Filter>
    </ClInclude>
    <ClInclude Include="Builder\IHttpPackageBuilder.h">
      <Filter>Header Files\Builder</Filter>
    </ClInclude>
    <ClInclude Include="Builder\HttpResponsePackageBuilder.h">
      <Filter>Header Files\Builder</Filter>
    </ClInclude>
    <ClInclude Include="Builder\HttpRequestPackageBuilder.h">
      <Filter>Header Files\Builder</Filter>
    </ClInclude>
  </ItemGroup>
</Project>