<?xml version="1.0" encoding="utf-8"?>
<Project ToolsVersion="4.0" xmlns="http://schemas.microsoft.com/developer/msbuild/2003">
  <ItemGroup>
    <Filter Include="Source Files">
      <UniqueIdentifier>{4FC737F1-C7A5-4376-A066-2A32D752A2FF}</UniqueIdentifier>
      <Extensions>cpp;c;cc;cxx;def;odl;idl;hpj;bat;asm;asmx</Extensions>
    </Filter>
    <Filter Include="Header Files">
      <UniqueIdentifier>{93995380-89BD-4b04-88EB-625FBE52EBFB}</UniqueIdentifier>
      <Extensions>h;hh;hpp;hxx;hm;inl;inc;xsd</Extensions>
    </Filter>
    <Filter Include="Header Files\Singleton">
      <UniqueIdentifier>{700045f6-1520-4b28-b1d2-c0a47d806189}</UniqueIdentifier>
    </Filter>
    <Filter Include="Source Files\Singleton">
      <UniqueIdentifier>{7e7456dc-79d9-452d-a2ae-0b996067d844}</UniqueIdentifier>
    </Filter>
    <Filter Include="Header Files\FactoryMethod">
      <UniqueIdentifier>{b9a55771-3592-48bf-a983-5234e293a1b8}</UniqueIdentifier>
    </Filter>
    <Filter Include="Source Files\FactoryMethod">
      <UniqueIdentifier>{49dd2829-98c8-44e7-95b1-ffb513eaee42}</UniqueIdentifier>
    </Filter>
    <Filter Include="Header Files\Prototype">
      <UniqueIdentifier>{b878b5c0-dce8-4ec3-a76a-e5f106f0d7c7}</UniqueIdentifier>
    </Filter>
    <Filter Include="Source Files\Prototype">
      <UniqueIdentifier>{848665a1-2a98-4312-bc35-e45772e2c881}</UniqueIdentifier>
    </Filter>
    <Filter Include="Header Files\AbstractFactory">
      <UniqueIdentifier>{a20f640d-8a66-4406-a272-cdd09d4d3552}</UniqueIdentifier>
    </Filter>
    <Filter Include="Source Files\AbstractFactory">
      <UniqueIdentifier>{bd11ba44-8f65-4ac0-8f2c-075aba47ce6d}</UniqueIdentifier>
    </Filter>
    <Filter Include="Header Files\Builder">
      <UniqueIdentifier>{6d60fab1-e3ad-465f-9b0b-042aea094b81}</UniqueIdentifier>
    </Filter>
    <Filter Include="Source Files\Builder">
      <UniqueIdentifier>{d86522a4-51ca-4b12-bc11-a4ec265e65e8}</UniqueIdentifier>
    </Filter>
    <Filter Include="Header Files\Proxy">
      <UniqueIdentifier>{bd339c51-eaf8-480a-9701-db1ae8c8378d}</UniqueIdentifier>
    </Filter>
    <Filter Include="Source Files\Proxy">
      <UniqueIdentifier>{5f5549f1-524c-47f6-b104-d7473d307784}</UniqueIdentifier>
    </Filter>
    <Filter Include="Header Files\Decorator">
      <UniqueIdentifier>{0461065e-7766-4f45-83eb-759775f99033}</UniqueIdentifier>
    </Filter>
    <Filter Include="Source Files\Decorator">
      <UniqueIdentifier>{7f5ce1e1-55ed-495a-a232-e99e858575ac}</UniqueIdentifier>
    </Filter>
    <Filter Include="Source Files\Adapter">
      <UniqueIdentifier>{75e6e093-a376-47a8-929c-31cbfbd49816}</UniqueIdentifier>
    </Filter>
    <Filter Include="Header Files\Adapter">
      <UniqueIdentifier>{7a3138c9-2719-4725-85fc-841f59265154}</UniqueIdentifier>
    </Filter>
    <Filter Include="Header Files\Composite">
      <UniqueIdentifier>{ff68c8a4-83f5-427e-8b50-d0564a402476}</UniqueIdentifier>
    </Filter>
    <Filter Include="Source Files\Composite">
      <UniqueIdentifier>{f4270198-c61f-4869-a6bd-300f58d6fe03}</UniqueIdentifier>
    </Filter>
    <Filter Include="Header Files\Facade">
      <UniqueIdentifier>{7b05c0e1-8f66-40a5-bd2d-93d3af748fd5}</UniqueIdentifier>
    </Filter>
    <Filter Include="Source Files\Facade">
      <UniqueIdentifier>{ae2c8cfb-940b-497d-bb92-eb80aa47f357}</UniqueIdentifier>
    </Filter>
    <Filter Include="Header Files\Bridge">
      <UniqueIdentifier>{a455a51d-4361-4cae-b383-a49eb0050889}</UniqueIdentifier>
    </Filter>
    <Filter Include="Source Files\Bridge">
      <UniqueIdentifier>{f503f42b-9bf0-4aa6-9b2d-7b1e3b11728c}</UniqueIdentifier>
    </Filter>
    <Filter Include="Header Files\Flyweight">
      <UniqueIdentifier>{15f9201e-d827-433e-ab27-4b83ea4dfd61}</UniqueIdentifier>
    </Filter>
    <Filter Include="Source Files\Flyweight">
      <UniqueIdentifier>{aac04f9f-1477-4840-9d40-7425390cd9d1}</UniqueIdentifier>
    </Filter>
    <Filter Include="Header Files\Command">
      <UniqueIdentifier>{0d9ff7ee-4966-4382-a706-eb9ef346e2cf}</UniqueIdentifier>
    </Filter>
    <Filter Include="Source Files\Command">
      <UniqueIdentifier>{fc392665-18d5-4b68-aceb-e4de1e17d3be}</UniqueIdentifier>
    </Filter>
    <Filter Include="Header Files\Observer">
      <UniqueIdentifier>{0937d1f1-cfea-4d5a-920c-b0455c300d3e}</UniqueIdentifier>
    </Filter>
    <Filter Include="Source Files\Observer">
      <UniqueIdentifier>{6707154d-b0e8-44b3-b683-54793210036e}</UniqueIdentifier>
    </Filter>
    <Filter Include="Header Files\ChainOfResponsibility">
      <UniqueIdentifier>{c480f16e-d52a-478e-bff3-a5c509b3fcfb}</UniqueIdentifier>
    </Filter>
    <Filter Include="Source Files\ChainOfResponsibility">
      <UniqueIdentifier>{ff9b264c-8ade-4989-9df4-17d224dc86fe}</UniqueIdentifier>
    </Filter>
    <Filter Include="Source Files\Iterator">
      <UniqueIdentifier>{d3c7108d-333c-458c-9139-4a301f7d1f58}</UniqueIdentifier>
    </Filter>
    <Filter Include="Source Files\TemplateMethod">
      <UniqueIdentifier>{5486fbef-694a-4eb4-95e9-aa61a430dd99}</UniqueIdentifier>
    </Filter>
    <Filter Include="Source Files\Visitor">
      <UniqueIdentifier>{ca1a2cb0-e028-4f2d-a3f4-a2dfa6a38e61}</UniqueIdentifier>
    </Filter>
  </ItemGroup>
  <ItemGroup>
    <ClCompile Include="main.cpp">
      <Filter>Source Files</Filter>
    </ClCompile>
    <ClCompile Include="Singleton\Logger.cpp">
      <Filter>Source Files\Singleton</Filter>
    </ClCompile>
    <ClCompile Include="FactoryMethod\PostgreSQLDatabaseEngine.cpp">
      <Filter>Source Files\FactoryMethod</Filter>
    </ClCompile>
    <ClCompile Include="FactoryMethod\ApplicationsRepository.cpp">
      <Filter>Source Files\FactoryMethod</Filter>
    </ClCompile>
    <ClCompile Include="FactoryMethod\PostgreSQLApplicationsRepository.cpp">
      <Filter>Source Files\FactoryMethod</Filter>
    </ClCompile>
    <ClCompile Include="Prototype\Archer.cpp">
      <Filter>Source Files\Prototype</Filter>
    </ClCompile>
    <ClCompile Include="Prototype\Swordsman.cpp">
      <Filter>Source Files\Prototype</Filter>
    </ClCompile>
    <ClCompile Include="Prototype\WarriorsPrototypeRegistry.cpp">
      <Filter>Source Files\Prototype</Filter>
    </ClCompile>
    <ClCompile Include="AbstractFactory\LightlyArmedArcher.cpp">
      <Filter>Source Files\AbstractFactory</Filter>
    </ClCompile>
    <ClCompile Include="AbstractFactory\LightlyArmedSwordsman.cpp">
      <Filter>Source Files\AbstractFactory</Filter>
    </ClCompile>
    <ClCompile Include="AbstractFactory\HeavilyArmedArcher.cpp">
      <Filter>Source Files\AbstractFactory</Filter>
    </ClCompile>
    <ClCompile Include="AbstractFactory\HeavilyArmedSwordsman.cpp">
      <Filter>Source Files\AbstractFactory</Filter>
    </ClCompile>
    <ClCompile Include="AbstractFactory\LightlyArmedWarriorFactory.cpp">
      <Filter>Source Files\AbstractFactory</Filter>
    </ClCompile>
    <ClCompile Include="AbstractFactory\HeavilyArmedWarriorFactory.cpp">
      <Filter>Source Files\AbstractFactory</Filter>
    </ClCompile>
    <ClCompile Include="Builder\HttpResponsePackageBuilder.cpp">
      <Filter>Source Files\Builder</Filter>
    </ClCompile>
    <ClCompile Include="Builder\HttpRequestPackageBuilder.cpp">
      <Filter>Source Files\Builder</Filter>
    </ClCompile>
    <ClCompile Include="Proxy\Image.cpp">
      <Filter>Source Files\Proxy</Filter>
    </ClCompile>
    <ClCompile Include="Proxy\ImageProxy.cpp">
      <Filter>Source Files\Proxy</Filter>
    </ClCompile>
    <ClCompile Include="Decorator\StreamWriter.cpp">
      <Filter>Source Files\Decorator</Filter>
    </ClCompile>
    <ClCompile Include="Decorator\XorStreamWriterDecorator.cpp">
      <Filter>Source Files\Decorator</Filter>
    </ClCompile>
    <ClCompile Include="Adapter\Crossbow.cpp">
      <Filter>Source Files\Adapter</Filter>
    </ClCompile>
    <ClCompile Include="Adapter\CrossbowAdapter.cpp">
      <Filter>Source Files\Adapter</Filter>
    </ClCompile>
    <ClCompile Include="Composite\CompositeComponent.cpp">
      <Filter>Source Files\Composite</Filter>
    </ClCompile>
    <ClCompile Include="Composite\Equipment.cpp">
      <Filter>Source Files\Composite</Filter>
    </ClCompile>
    <ClCompile Include="Facade\AudioPlayer.cpp">
      <Filter>Source Files\Facade</Filter>
    </ClCompile>
    <ClCompile Include="Facade\VideoPlayer.cpp">
      <Filter>Source Files\Facade</Filter>
    </ClCompile>
    <ClCompile Include="Facade\MediaPlayer.cpp">
      <Filter>Source Files\Facade</Filter>
    </ClCompile>
    <ClCompile Include="Bridge\TimeImp.cpp">
      <Filter>Source Files\Bridge</Filter>
    </ClCompile>
    <ClCompile Include="Bridge\Time24HImp.cpp">
      <Filter>Source Files\Bridge</Filter>
    </ClCompile>
    <ClCompile Include="Bridge\Time12HImp.cpp">
      <Filter>Source Files\Bridge</Filter>
    </ClCompile>
    <ClCompile Include="Bridge\Time.cpp">
      <Filter>Source Files\Bridge</Filter>
    </ClCompile>
    <ClCompile Include="Bridge\Time24H.cpp">
      <Filter>Source Files\Bridge</Filter>
    </ClCompile>
    <ClCompile Include="Bridge\Time12H.cpp">
      <Filter>Source Files\Bridge</Filter>
    </ClCompile>
    <ClCompile Include="Flyweight\Character.cpp">
      <Filter>Source Files\Flyweight</Filter>
    </ClCompile>
    <ClCompile Include="Flyweight\CharacterFactory.cpp">
      <Filter>Source Files\Flyweight</Filter>
    </ClCompile>
    <ClCompile Include="Command\BankAccount.cpp">
      <Filter>Source Files\Command</Filter>
    </ClCompile>
    <ClCompile Include="Command\PutCashCommand.cpp">
      <Filter>Source Files\Command</Filter>
    </ClCompile>
    <ClCompile Include="Command\TakeCashCommand.cpp">
      <Filter>Source Files\Command</Filter>
    </ClCompile>
    <ClCompile Include="Command\BaseCommand.cpp">
      <Filter>Source Files\Command</Filter>
    </ClCompile>
    <ClCompile Include="Command\BankClient.cpp">
      <Filter>Source Files\Command</Filter>
    </ClCompile>
    <ClCompile Include="Observer\Person.cpp">
      <Filter>Source Files\Observer</Filter>
    </ClCompile>
    <ClCompile Include="Observer\ConsoleListener.cpp">
      <Filter>Source Files\Observer</Filter>
    </ClCompile>
    <ClCompile Include="ChainOfResponsibility\BaseLogger.cpp">
      <Filter>Source Files\ChainOfResponsibility</Filter>
    </ClCompile>
    <ClCompile Include="ChainOfResponsibility\ConsoleLogger.cpp">
      <Filter>Source Files\ChainOfResponsibility</Filter>
    </ClCompile>
    <ClCompile Include="ChainOfResponsibility\FileLogger.cpp">
      <Filter>Source Files\ChainOfResponsibility</Filter>
    </ClCompile>
    <ClCompile Include="Iterator\IteratorSource.cpp">
      <Filter>Source Files\Iterator</Filter>
    </ClCompile>
    <ClCompile Include="TemplateMethod\TemplateMethodSource.cpp">
      <Filter>Source Files\TemplateMethod</Filter>
    </ClCompile>
    <ClCompile Include="Visitor\VisitorSouce.cpp">
      <Filter>Source Files\Visitor</Filter>
    </ClCompile>
  </ItemGroup>
  <ItemGroup>
    <ClInclude Include="Singleton\Logger.h">
      <Filter>Header Files\Singleton</Filter>
    </ClInclude>
    <ClInclude Include="FactoryMethod\IDatabaseEngine.h">
      <Filter>Header Files\FactoryMethod</Filter>
    </ClInclude>
    <ClInclude Include="FactoryMethod\PostgreSQLDatabaseEngine.h">
      <Filter>Header Files\FactoryMethod</Filter>
    </ClInclude>
    <ClInclude Include="FactoryMethod\ApplicationsRepository.h">
      <Filter>Header Files\FactoryMethod</Filter>
    </ClInclude>
    <ClInclude Include="FactoryMethod\PostgreSQLApplicationsRepository.h">
      <Filter>Header Files\FactoryMethod</Filter>
    </ClInclude>
    <ClInclude Include="Prototype\IWarrior.h">
      <Filter>Header Files\Prototype</Filter>
    </ClInclude>
    <ClInclude Include="Prototype\Archer.h">
      <Filter>Header Files\Prototype</Filter>
    </ClInclude>
    <ClInclude Include="Prototype\Swordsman.h">
      <Filter>Header Files\Prototype</Filter>
    </ClInclude>
    <ClInclude Include="Prototype\WarriorsPrototypeRegistry.h">
      <Filter>Header Files\Prototype</Filter>
    </ClInclude>
    <ClInclude Include="Prototype\IWarriorPrototype.h">
      <Filter>Header Files\Prototype</Filter>
    </ClInclude>
    <ClInclude Include="AbstractFactory\LightlyArmedArcher.h">
      <Filter>Header Files\AbstractFactory</Filter>
    </ClInclude>
    <ClInclude Include="AbstractFactory\LightlyArmedSwordsman.h">
      <Filter>Header Files\AbstractFactory</Filter>
    </ClInclude>
    <ClInclude Include="AbstractFactory\HeavilyArmedArcher.h">
      <Filter>Header Files\AbstractFactory</Filter>
    </ClInclude>
    <ClInclude Include="AbstractFactory\HeavilyArmedSwordsman.h">
      <Filter>Header Files\AbstractFactory</Filter>
    </ClInclude>
    <ClInclude Include="AbstractFactory\IWarriorFactory.h">
      <Filter>Header Files\AbstractFactory</Filter>
    </ClInclude>
    <ClInclude Include="AbstractFactory\LightlyArmedWarriorFactory.h">
      <Filter>Header Files\AbstractFactory</Filter>
    </ClInclude>
    <ClInclude Include="AbstractFactory\HeavilyArmedWarriorFactory.h">
      <Filter>Header Files\AbstractFactory</Filter>
    </ClInclude>
    <ClInclude Include="Builder\HttpStructures.h">
      <Filter>Header Files\Builder</Filter>
    </ClInclude>
    <ClInclude Include="Builder\IHttpPackageBuilder.h">
      <Filter>Header Files\Builder</Filter>
    </ClInclude>
    <ClInclude Include="Builder\HttpResponsePackageBuilder.h">
      <Filter>Header Files\Builder</Filter>
    </ClInclude>
    <ClInclude Include="Builder\HttpRequestPackageBuilder.h">
      <Filter>Header Files\Builder</Filter>
    </ClInclude>
    <ClInclude Include="Proxy\IImage.h">
      <Filter>Header Files\Proxy</Filter>
    </ClInclude>
    <ClInclude Include="Proxy\Image.h">
      <Filter>Header Files\Proxy</Filter>
    </ClInclude>
    <ClInclude Include="Proxy\ImageProxy.h">
      <Filter>Header Files\Proxy</Filter>
    </ClInclude>
    <ClInclude Include="Decorator\IStreamWriter.h">
      <Filter>Header Files\Decorator</Filter>
    </ClInclude>
    <ClInclude Include="Decorator\StreamWriter.h">
      <Filter>Header Files\Decorator</Filter>
    </ClInclude>
    <ClInclude Include="Decorator\XorStreamWriterDecorator.h">
      <Filter>Header Files\Decorator</Filter>
    </ClInclude>
    <ClInclude Include="Adapter\IWeapon.h">
      <Filter>Header Files\Adapter</Filter>
    </ClInclude>
    <ClInclude Include="Adapter\Crossbow.h">
      <Filter>Header Files\Adapter</Filter>
    </ClInclude>
    <ClInclude Include="Adapter\CrossbowAdapter.h">
      <Filter>Header Files\Adapter</Filter>
    </ClInclude>
    <ClInclude Include="Composite\Equipment.h">
      <Filter>Header Files\Composite</Filter>
    </ClInclude>
    <ClInclude Include="Composite\CompositeEquipment.h">
      <Filter>Header Files\Composite</Filter>
    </ClInclude>
    <ClInclude Include="Facade\AudioPlayer.h">
      <Filter>Header Files\Facade</Filter>
    </ClInclude>
    <ClInclude Include="Facade\VideoPlayer.h">
      <Filter>Header Files\Facade</Filter>
    </ClInclude>
    <ClInclude Include="Facade\MediaPlayer.h">
      <Filter>Header Files\Facade</Filter>
    </ClInclude>
    <ClInclude Include="Bridge\TimeImp.h">
      <Filter>Header Files\Bridge</Filter>
    </ClInclude>
    <ClInclude Include="Bridge\Time24HImp.h">
      <Filter>Header Files\Bridge</Filter>
    </ClInclude>
    <ClInclude Include="Bridge\Time12HImp.h">
      <Filter>Header Files\Bridge</Filter>
    </ClInclude>
    <ClInclude Include="Bridge\Time.h">
      <Filter>Header Files\Bridge</Filter>
    </ClInclude>
    <ClInclude Include="Bridge\Time24H.h">
      <Filter>Header Files\Bridge</Filter>
    </ClInclude>
    <ClInclude Include="Bridge\Time12H.h">
      <Filter>Header Files\Bridge</Filter>
    </ClInclude>
    <ClInclude Include="Bridge\Meridiem.h">
      <Filter>Header Files\Bridge</Filter>
    </ClInclude>
    <ClInclude Include="Flyweight\Character.h">
      <Filter>Header Files\Flyweight</Filter>
    </ClInclude>
    <ClInclude Include="Flyweight\CharacterFactory.h">
      <Filter>Header Files\Flyweight</Filter>
    </ClInclude>
    <ClInclude Include="Command\BankAccount.h">
      <Filter>Header Files\Command</Filter>
    </ClInclude>
    <ClInclude Include="Command\PutCashCommand.h">
      <Filter>Header Files\Command</Filter>
    </ClInclude>
    <ClInclude Include="Command\TakeCashCommand.h">
      <Filter>Header Files\Command</Filter>
    </ClInclude>
    <ClInclude Include="Command\BaseCommand.h">
      <Filter>Header Files\Command</Filter>
    </ClInclude>
    <ClInclude Include="Command\BankClient.h">
      <Filter>Header Files\Command</Filter>
    </ClInclude>
    <ClInclude Include="Observer\PersonObserver.h">
      <Filter>Header Files\Observer</Filter>
    </ClInclude>
    <ClInclude Include="Observer\Person.h">
      <Filter>Header Files\Observer</Filter>
    </ClInclude>
    <ClInclude Include="Observer\ConsoleListener.h">
      <Filter>Header Files\Observer</Filter>
    </ClInclude>
    <ClInclude Include="ChainOfResponsibility\BaseLogger.h">
      <Filter>Header Files\ChainOfResponsibility</Filter>
    </ClInclude>
    <ClInclude Include="ChainOfResponsibility\ConsoleLogger.h">
      <Filter>Header Files\ChainOfResponsibility</Filter>
    </ClInclude>
    <ClInclude Include="ChainOfResponsibility\FileLogger.h">
      <Filter>Header Files\ChainOfResponsibility</Filter>
    </ClInclude>
  </ItemGroup>
</Project>